
Microsoft Visual Studio Solution File, Format Version 12.00
# Visual Studio Version 17
VisualStudioVersion = 17.10.34916.146
MinimumVisualStudioVersion = 10.0.40219.1
Project("{FAE04EC0-301F-11D3-BF4B-00C04F79EFBC}") = "AppStore", "AppStore\AppStore.csproj", "{C24724B5-4D2F-4CE8-9E46-CA687875A63B}"
EndProject
Global
	GlobalSection(SolutionConfigurationPlatforms) = preSolution
		Debug|Any CPU = Debug|Any CPU
		Release|Any CPU = Release|Any CPU
	EndGlobalSection
	GlobalSection(ProjectConfigurationPlatforms) = postSolution
		{C24724B5-4D2F-4CE8-9E46-CA687875A63B}.Debug|Any CPU.ActiveCfg = Debug|Any CPU
		{C24724B5-4D2F-4CE8-9E46-CA687875A63B}.Debug|Any CPU.Build.0 = Debug|Any CPU
		{C24724B5-4D2F-4CE8-9E46-CA687875A63B}.Release|Any CPU.ActiveCfg = Release|Any CPU
		{C24724B5-4D2F-4CE8-9E46-CA687875A63B}.Release|Any CPU.Build.0 = Release|Any CPU
	EndGlobalSection
	GlobalSection(SolutionProperties) = preSolution
		HideSolutionNode = FALSE
	EndGlobalSection
	GlobalSection(ExtensibilityGlobals) = postSolution
		SolutionGuid = {85FC8D48-A4C2-45A8-8649-8FA7268E9D78}
	EndGlobalSection
EndGlobal
